{
  "nodes": {
    "flake-utils": {
      "locked": {
        "lastModified": 1629284811,
        "narHash": "sha256-JHgasjPR0/J1J3DRm4KxM4zTyAj4IOJY8vIl75v/kPI=",
        "owner": "numtide",
        "repo": "flake-utils",
        "rev": "c5d161cc0af116a2e17f54316f0bf43f0819785c",
        "type": "github"
      },
      "original": {
        "owner": "numtide",
        "repo": "flake-utils",
        "type": "github"
      }
    },
    "fox": {
      "flake": false,
      "locked": {
        "lastModified": 1732888953,
        "narHash": "sha256-7H+DU4o3Ao8qAgcYDHVScR3pDSOpdETFsEMiErCQSA8=",
        "ref": "refs/heads/main",
        "rev": "dd4836fb6f93267de6a51489d74d83d570f0280d",
        "revCount": 177,
        "submodules": true,
        "type": "git",
        "url": "https://github.com/Naezr/ShyFox.git"
      },
      "original": {
        "submodules": true,
        "type": "git",
        "url": "https://github.com/Naezr/ShyFox.git"
      }
    },
    "fox-addons": {
      "inputs": {
        "flake-utils": "flake-utils",
        "nixpkgs": [
          "nixpkgs"
        ]
      },
      "locked": {
        "dir": "pkgs/firefox-addons",
        "lastModified": 1735902745,
        "narHash": "sha256-Jc4QaD2ay04ogn8XND8WLcs4ZsBBlk4j50OK+0AFFJ4=",
        "owner": "rycee",
        "repo": "nur-expressions",
        "rev": "bb5bbc46eb380d3a9bd12e5f7fdd171c65280a8a",
        "type": "gitlab"
      },
      "original": {
        "dir": "pkgs/firefox-addons",
        "owner": "rycee",
        "repo": "nur-expressions",
        "type": "gitlab"
      }
    },
    "home-manager": {
      "inputs": {
        "nixpkgs": "nixpkgs"
      },
      "locked": {
        "lastModified": 1735900408,
        "narHash": "sha256-U+oZBQ3f5fF2hHsupKQH4ihgTKLHgcJh6jEmKDg+W10=",
        "owner": "nix-community",
        "repo": "home-manager",
        "rev": "1c8d4c8d592e8fab4cff4397db5529ec6f078cf9",
        "type": "github"
      },
      "original": {
        "owner": "nix-community",
        "repo": "home-manager",
        "type": "github"
      }
    },
    "nixpkgs": {
      "locked": {
        "lastModified": 1735471104,
        "narHash": "sha256-0q9NGQySwDQc7RhAV2ukfnu7Gxa5/ybJ2ANT8DQrQrs=",
        "owner": "NixOS",
        "repo": "nixpkgs",
        "rev": "88195a94f390381c6afcdaa933c2f6ff93959cb4",
        "type": "github"
      },
      "original": {
        "owner": "NixOS",
        "ref": "nixos-unstable",
        "repo": "nixpkgs",
        "type": "github"
      }
    },
    "nixpkgs_2": {
      "locked": {
        "lastModified": 1735471104,
        "narHash": "sha256-0q9NGQySwDQc7RhAV2ukfnu7Gxa5/ybJ2ANT8DQrQrs=",
        "owner": "nixos",
        "repo": "nixpkgs",
        "rev": "88195a94f390381c6afcdaa933c2f6ff93959cb4",
        "type": "github"
      },
      "original": {
        "owner": "nixos",
        "ref": "nixos-unstable",
        "repo": "nixpkgs",
        "type": "github"
      }
    },
    "nixpkgs_3": {
      "locked": {
        "lastModified": 1731763621,
        "narHash": "sha256-ddcX4lQL0X05AYkrkV2LMFgGdRvgap7Ho8kgon3iWZk=",
        "owner": "NixOS",
        "repo": "nixpkgs",
        "rev": "c69a9bffbecde46b4b939465422ddc59493d3e4d",
        "type": "github"
      },
      "original": {
        "owner": "NixOS",
        "ref": "nixpkgs-unstable",
        "repo": "nixpkgs",
        "type": "github"
      }
    },
    "root": {
      "inputs": {
        "fox": "fox",
        "fox-addons": "fox-addons",
        "home-manager": "home-manager",
        "nixpkgs": "nixpkgs_2",
        "sops-nix": "sops-nix"
      }
    },
    "sops-nix": {
      "inputs": {
        "nixpkgs": "nixpkgs_3"
      },
      "locked": {
        "lastModified": 1735844895,
        "narHash": "sha256-CIRlqX9tBK2awJkmVu2cKuap/0QziDXStQZ/u/+e8Z4=",
        "owner": "Mic92",
        "repo": "sops-nix",
        "rev": "24d89184adf76d7ccc99e659dc5f3838efb5ee32",
        "type": "github"
      },
      "original": {
        "owner": "Mic92",
        "repo": "sops-nix",
        "type": "github"
      }
    }
  },
  "root": "root",
  "version": 7
}
